
Microsoft Visual Studio Solution File, Format Version 12.00
# Visual Studio Version 17
VisualStudioVersion = 17.13.35931.197 d17.13
MinimumVisualStudioVersion = 10.0.40219.1
Project("{FAE04EC0-301F-11D3-BF4B-00C04F79EFBC}") = "DraggableBehavior", "DraggableBehavior\DraggableBehavior.csproj", "{3AC04A79-E2C9-4BE8-BEA7-26F9AE1A4289}"
EndProject
Project("{FAE04EC0-301F-11D3-BF4B-00C04F79EFBC}") = "TestApp", "TestApp\TestApp.csproj", "{3CA8CD14-3FE8-4649-98B7-32EA6C823EE8}"
EndProject
Global
	GlobalSection(SolutionConfigurationPlatforms) = preSolution
		Debug|Any CPU = Debug|Any CPU
		Release|Any CPU = Release|Any CPU
	EndGlobalSection
	GlobalSection(ProjectConfigurationPlatforms) = postSolution
		{3AC04A79-E2C9-4BE8-BEA7-26F9AE1A4289}.Debug|Any CPU.ActiveCfg = Debug|Any CPU
		{3AC04A79-E2C9-4BE8-BEA7-26F9AE1A4289}.Debug|Any CPU.Build.0 = Debug|Any CPU
		{3AC04A79-E2C9-4BE8-BEA7-26F9AE1A4289}.Release|Any CPU.ActiveCfg = Release|Any CPU
		{3AC04A79-E2C9-4BE8-BEA7-26F9AE1A4289}.Release|Any CPU.Build.0 = Release|Any CPU
		{3CA8CD14-3FE8-4649-98B7-32EA6C823EE8}.Debug|Any CPU.ActiveCfg = Debug|Any CPU
		{3CA8CD14-3FE8-4649-98B7-32EA6C823EE8}.Debug|Any CPU.Build.0 = Debug|Any CPU
		{3CA8CD14-3FE8-4649-98B7-32EA6C823EE8}.Release|Any CPU.ActiveCfg = Release|Any CPU
		{3CA8CD14-3FE8-4649-98B7-32EA6C823EE8}.Release|Any CPU.Build.0 = Release|Any CPU
	EndGlobalSection
	GlobalSection(SolutionProperties) = preSolution
		HideSolutionNode = FALSE
	EndGlobalSection
	GlobalSection(ExtensibilityGlobals) = postSolution
		SolutionGuid = {DAFC578D-C07B-4E6B-846D-574C10C17CD8}
	EndGlobalSection
EndGlobal
